
Microsoft Visual Studio Solution File, Format Version 12.00
# Visual Studio Version 17
VisualStudioVersion = 17.6.33723.286
MinimumVisualStudioVersion = 10.0.40219.1
Project("{FAE04EC0-301F-11D3-BF4B-00C04F79EFBC}") = "MealIO", "MealIO\MealIO.csproj", "{B643AC2A-B696-45EF-92A2-037792F2C6B2}"
EndProject
Global
	GlobalSection(SolutionConfigurationPlatforms) = preSolution
		Debug|Any CPU = Debug|Any CPU
		Release|Any CPU = Release|Any CPU
	EndGlobalSection
	GlobalSection(ProjectConfigurationPlatforms) = postSolution
		{B643AC2A-B696-45EF-92A2-037792F2C6B2}.Debug|Any CPU.ActiveCfg = Debug|Any CPU
		{B643AC2A-B696-45EF-92A2-037792F2C6B2}.Debug|Any CPU.Build.0 = Debug|Any CPU
		{B643AC2A-B696-45EF-92A2-037792F2C6B2}.Release|Any CPU.ActiveCfg = Release|Any CPU
		{B643AC2A-B696-45EF-92A2-037792F2C6B2}.Release|Any CPU.Build.0 = Release|Any CPU
	EndGlobalSection
	GlobalSection(SolutionProperties) = preSolution
		HideSolutionNode = FALSE
	EndGlobalSection
	GlobalSection(ExtensibilityGlobals) = postSolution
		SolutionGuid = {5459F60A-4183-47C7-9428-E71A9AE7E150}
	EndGlobalSection
EndGlobal
